
Microsoft Visual Studio Solution File, Format Version 12.00
# Visual Studio Version 17
VisualStudioVersion = 17.7.34003.232
MinimumVisualStudioVersion = 10.0.40219.1
Project("{9A19103F-16F7-4668-BE54-9A1E7A4F7556}") = "TestWebAPI", "TestWebAPI\TestWebAPI.csproj", "{F8025606-6833-4F67-91EE-34490156A556}"
EndProject
Project("{FAE04EC0-301F-11D3-BF4B-00C04F79EFBC}") = "RSCG_APIExport", "RSCG_APIExport\RSCG_APIExport.csproj", "{1662080A-03FE-4C5F-9C84-4E173DF25819}"
EndProject
Global
	GlobalSection(SolutionConfigurationPlatforms) = preSolution
		Debug|Any CPU = Debug|Any CPU
		Release|Any CPU = Release|Any CPU
	EndGlobalSection
	GlobalSection(ProjectConfigurationPlatforms) = postSolution
		{F8025606-6833-4F67-91EE-34490156A556}.Debug|Any CPU.ActiveCfg = Debug|Any CPU
		{F8025606-6833-4F67-91EE-34490156A556}.Debug|Any CPU.Build.0 = Debug|Any CPU
		{F8025606-6833-4F67-91EE-34490156A556}.Release|Any CPU.ActiveCfg = Release|Any CPU
		{F8025606-6833-4F67-91EE-34490156A556}.Release|Any CPU.Build.0 = Release|Any CPU
		{1662080A-03FE-4C5F-9C84-4E173DF25819}.Debug|Any CPU.ActiveCfg = Debug|Any CPU
		{1662080A-03FE-4C5F-9C84-4E173DF25819}.Debug|Any CPU.Build.0 = Debug|Any CPU
		{1662080A-03FE-4C5F-9C84-4E173DF25819}.Release|Any CPU.ActiveCfg = Release|Any CPU
		{1662080A-03FE-4C5F-9C84-4E173DF25819}.Release|Any CPU.Build.0 = Release|Any CPU
	EndGlobalSection
	GlobalSection(SolutionProperties) = preSolution
		HideSolutionNode = FALSE
	EndGlobalSection
	GlobalSection(ExtensibilityGlobals) = postSolution
		SolutionGuid = {D0272783-27BF-4F55-B5CA-677F91442C7E}
	EndGlobalSection
EndGlobal
